
Microsoft Visual Studio Solution File, Format Version 12.00
# Visual Studio Version 16
VisualStudioVersion = 16.0.30320.27
MinimumVisualStudioVersion = 10.0.40219.1
Project("{FAE04EC0-301F-11D3-BF4B-00C04F79EFBC}") = "Lesson7.2", "Lesson7.2\Lesson7.2.csproj", "{4D67938F-502A-450A-A20D-62A5B0D1A6A3}"
EndProject
Project("{FAE04EC0-301F-11D3-BF4B-00C04F79EFBC}") = "Lesson7.3", "Lesson7.3\Lesson7.3.csproj", "{8C49BAA8-D5F8-4D35-9534-05F0C6C41228}"
EndProject
Project("{FAE04EC0-301F-11D3-BF4B-00C04F79EFBC}") = "Lesson7.4", "Lesson7.4\Lesson7.4.csproj", "{68ED3E39-750B-4CE8-B255-FEFA658C0CDE}"
EndProject
Project("{FAE04EC0-301F-11D3-BF4B-00C04F79EFBC}") = "Lesson7.add", "Lesson7.add\Lesson7.add.csproj", "{AA9DF60E-63E3-4033-AFFC-ECADBD95E828}"
EndProject
Global
	GlobalSection(SolutionConfigurationPlatforms) = preSolution
		Debug|Any CPU = Debug|Any CPU
		Release|Any CPU = Release|Any CPU
	EndGlobalSection
	GlobalSection(ProjectConfigurationPlatforms) = postSolution
		{4D67938F-502A-450A-A20D-62A5B0D1A6A3}.Debug|Any CPU.ActiveCfg = Debug|Any CPU
		{4D67938F-502A-450A-A20D-62A5B0D1A6A3}.Debug|Any CPU.Build.0 = Debug|Any CPU
		{4D67938F-502A-450A-A20D-62A5B0D1A6A3}.Release|Any CPU.ActiveCfg = Release|Any CPU
		{4D67938F-502A-450A-A20D-62A5B0D1A6A3}.Release|Any CPU.Build.0 = Release|Any CPU
		{8C49BAA8-D5F8-4D35-9534-05F0C6C41228}.Debug|Any CPU.ActiveCfg = Debug|Any CPU
		{8C49BAA8-D5F8-4D35-9534-05F0C6C41228}.Debug|Any CPU.Build.0 = Debug|Any CPU
		{8C49BAA8-D5F8-4D35-9534-05F0C6C41228}.Release|Any CPU.ActiveCfg = Release|Any CPU
		{8C49BAA8-D5F8-4D35-9534-05F0C6C41228}.Release|Any CPU.Build.0 = Release|Any CPU
		{68ED3E39-750B-4CE8-B255-FEFA658C0CDE}.Debug|Any CPU.ActiveCfg = Debug|Any CPU
		{68ED3E39-750B-4CE8-B255-FEFA658C0CDE}.Debug|Any CPU.Build.0 = Debug|Any CPU
		{68ED3E39-750B-4CE8-B255-FEFA658C0CDE}.Release|Any CPU.ActiveCfg = Release|Any CPU
		{68ED3E39-750B-4CE8-B255-FEFA658C0CDE}.Release|Any CPU.Build.0 = Release|Any CPU
		{AA9DF60E-63E3-4033-AFFC-ECADBD95E828}.Debug|Any CPU.ActiveCfg = Debug|Any CPU
		{AA9DF60E-63E3-4033-AFFC-ECADBD95E828}.Debug|Any CPU.Build.0 = Debug|Any CPU
		{AA9DF60E-63E3-4033-AFFC-ECADBD95E828}.Release|Any CPU.ActiveCfg = Release|Any CPU
		{AA9DF60E-63E3-4033-AFFC-ECADBD95E828}.Release|Any CPU.Build.0 = Release|Any CPU
	EndGlobalSection
	GlobalSection(SolutionProperties) = preSolution
		HideSolutionNode = FALSE
	EndGlobalSection
	GlobalSection(ExtensibilityGlobals) = postSolution
		SolutionGuid = {4ED2CB28-48BC-4F8A-94C3-BBB624AB9AC7}
	EndGlobalSection
EndGlobal
